PODS:
  - FlutterMacOS (1.0.0)
  - native_crypto_ios (0.0.1):
    - FlutterMacOS

DEPENDENCIES:
  - FlutterMacOS (from `Flutter/ephemeral`)
  - native_crypto_ios (from `Flutter/ephemeral/.symlinks/plugins/native_crypto_ios/macos`)

EXTERNAL SOURCES:
  FlutterMacOS:
    :path: Flutter/ephemeral
  native_crypto_ios:
    :path: Flutter/ephemeral/.symlinks/plugins/native_crypto_ios/macos

SPEC CHECKSUMS:
  FlutterMacOS: 8f6f14fa908a6fb3fba0cd85dbd81ec4b251fb24
  native_crypto_ios: b6341175d1f2e373981f5b16a27cfe1cf2d43523

PODFILE CHECKSUM: 0d3963a09fc94f580682bd88480486da345dc3f0

COCOAPODS: 1.11.3
